# THIS IS AN AUTOGENERATED FILE. DO NOT EDIT THIS FILE DIRECTLY.
# yarn lockfile v1


"@types/autobahn@^20.9.1":
  version "20.9.1"
  resolved "https://registry.npmjs.org/@types/autobahn/-/autobahn-20.9.1.tgz#4947e1bb62878a6143e810ff6d0676c973e86f20"
  integrity sha512-5F9GQFS/twe15C/b+/RpNj4PHyTsfW07gkHAfF7w6sT44wlPOvgIBfVd0xPAuw1Id57q71muSfEah08RNiZeNQ==
  dependencies:
    "@types/when" "*"

"@types/when@*":
  version "2.4.34"
  resolved "https://registry.npmjs.org/@types/when/-/when-2.4.34.tgz#ff3512e337f60d97ce4f07878ec7068374f9e33f"
  integrity sha512-sSf48zGtIioUoAi4JeqtyKoT7jgPG1ua6Zb95Es+nHELDrOF9q3LI136MDEr7ig7y3wSc+/FDCPzZomW9oVbtQ==

"autobahn@npm:autobahn-browser@^22.11.1":
  version "22.11.1"
  resolved "https://registry.npmjs.org/autobahn-browser/-/autobahn-browser-22.11.1.tgz#6ab63aa6778328eef9ab5e5873e29970f17d3087"
  integrity sha512-LXsP82RdaxtzW81Zh9Q139sbgz8lZOJDcUOiuQoXNiLK39Qy98raRgOOJu7WBkFk/jB6//HbJdhjob7z9VsaxQ==
